# This file is automatically @generated by Poetry 1.8.3 and should not be changed by hand.

[[package]]
name = "atomicwrites"
version = "1.4.1"
description = "Atomic file writes."
optional = false
python-versions = ">=2.7, !=3.0.*, !=3.1.*, !=3.2.*, !=3.3.*"
files = [
    {file = "atomicwrites-1.4.1.tar.gz", hash = "sha256:81b2c9071a49367a7f770170e5eec8cb66567cfbbc8c73d20ce5ca4a8d71cf11"},
]

[[package]]
name = "attrs"
version = "23.2.0"
description = "Classes Without Boilerplate"
optional = false
python-versions = ">=3.7"
files = [
    {file = "attrs-23.2.0-py3-none-any.whl", hash = "sha256:99b87a485a5820b23b879f04c2305b44b951b502fd64be915879d77a7e8fc6f1"},
    {file = "attrs-23.2.0.tar.gz", hash = "sha256:935dc3b529c262f6cf76e50877d35a4bd3c1de194fd41f47a2b7ae8f19971f30"},
]

[package.extras]
cov = ["attrs[tests]", "coverage[toml] (>=5.3)"]
dev = ["attrs[tests]", "pre-commit"]
docs = ["furo", "myst-parser", "sphinx", "sphinx-notfound-page", "sphinxcontrib-towncrier", "towncrier", "zope-interface"]
tests = ["attrs[tests-no-zope]", "zope-interface"]
tests-mypy = ["mypy (>=1.6)", "pytest-mypy-plugins"]
tests-no-zope = ["attrs[tests-mypy]", "cloudpickle", "hypothesis", "pympler", "pytest (>=4.3.0)", "pytest-xdist[psutil]"]

[[package]]
name = "black"
version = "21.12b0"
description = "The uncompromising code formatter."
optional = false
python-versions = ">=3.6.2"
files = [
    {file = "black-21.12b0-py3-none-any.whl", hash = "sha256:a615e69ae185e08fdd73e4715e260e2479c861b5740057fde6e8b4e3b7dd589f"},
    {file = "black-21.12b0.tar.gz", hash = "sha256:77b80f693a569e2e527958459634f18df9b0ba2625ba4e0c2d5da5be42e6f2b3"},
]

[package.dependencies]
click = ">=7.1.2"
mypy-extensions = ">=0.4.3"
pathspec = ">=0.9.0,<1"
platformdirs = ">=2"
tomli = ">=0.2.6,<2.0.0"
typing-extensions = [
    {version = ">=3.10.0.0,<3.10.0.1 || >3.10.0.1", markers = "python_version >= \"3.10\""},
    {version = ">=3.10.0.0", markers = "python_version < \"3.10\""},
]

[package.extras]
colorama = ["colorama (>=0.4.3)"]
d = ["aiohttp (>=3.7.4)"]
jupyter = ["ipython (>=7.8.0)", "tokenize-rt (>=3.2.0)"]
python2 = ["typed-ast (>=1.4.3)"]
uvloop = ["uvloop (>=0.15.2)"]

[[package]]
name = "cadquery"
version = "2.4.0"
description = "CadQuery is a parametric  scripting language for creating and traversing CAD models"
optional = false
python-versions = ">=3.8"
files = [
    {file = "cadquery-2.4.0-py3-none-any.whl", hash = "sha256:66c865b1e5db205b81a5ddc8533d4741577291292cf2dc80b104ae9e3085b195"},
    {file = "cadquery-2.4.0.tar.gz", hash = "sha256:38e8e302060f2e50943ab0f8acab985c37a73009e972c7b02767c90bef7fb3e7"},
]

[package.dependencies]
cadquery-ocp = ">=7.7.0a0,<7.8"
casadi = "*"
ezdxf = "*"
multimethod = "1.9.1"
nlopt = "*"
nptyping = "2.0.1"
path = "*"
typish = "*"

[package.extras]
dev = ["black (==19.10b0)", "click (==8.0.4)", "docutils", "ipython", "pytest"]
ipython = ["ipython"]

[[package]]
name = "cadquery-ocp"
version = "7.7.2"
description = "OCP+VTK wheel with shared library dependencies bundled."
optional = false
python-versions = "*"
files = [
    {file = "cadquery_ocp-7.7.2-cp310-cp310-macosx_10_9_x86_64.whl", hash = "sha256:7f2faf716855f9a8372493e001e6e318da75b046472e7ee69881d2a4e6b65a04"},
    {file = "cadquery_ocp-7.7.2-cp310-cp310-manylinux_2_35_x86_64.whl", hash = "sha256:35e2c8ca923e4ba77b833357eb14c7e8a939f17285ef6acde7c26961989a8dfe"},
    {file = "cadquery_ocp-7.7.2-cp310-cp310-win_amd64.whl", hash = "sha256:4fc230711d52a9e7d71ab4c79c957287c7f2f85e5f09e036b573e6851df4d1ba"},
    {file = "cadquery_ocp-7.7.2-cp311-cp311-macosx_10_9_x86_64.whl", hash = "sha256:488401fa4d070e3eb17729fb8b6494bd3577f0913c4e901e674c4d8fcd9ac1fe"},
    {file = "cadquery_ocp-7.7.2-cp311-cp311-manylinux_2_35_x86_64.whl", hash = "sha256:2be9408551c03e1c715e3b158b41ce458178ecf530ba644e3e884a5989feb611"},
    {file = "cadquery_ocp-7.7.2-cp311-cp311-win_amd64.whl", hash = "sha256:8e1f90250924ac50344bf0867e3d9a927f077583351b270b4e0e171033dd2046"},
    {file = "cadquery_ocp-7.7.2-cp312-cp312-macosx_10_9_x86_64.whl", hash = "sha256:78a7903267cd9986181b634a315ca66fac1bb9e6dbfaf60724d812b3a2cc77bf"},
    {file = "cadquery_ocp-7.7.2-cp312-cp312-manylinux_2_35_x86_64.whl", hash = "sha256:7ac2d83b4f4b3d7c35421a1d9f8fec2adc73b6ed6cac50c1ffcede5552e38e9b"},
    {file = "cadquery_ocp-7.7.2-cp312-cp312-win_amd64.whl", hash = "sha256:d9e5c8ef5aeb1d3fb8f0b207ed1a2b781d22dc3e9b9c0551f52342f5a6ee7fc5"},
    {file = "cadquery_ocp-7.7.2-cp38-cp38-macosx_10_9_x86_64.whl", hash = "sha256:7134e629559ba110a4d0cda53cb6a30c0af52524f7a6151e772d4b720ef508be"},
    {file = "cadquery_ocp-7.7.2-cp38-cp38-manylinux_2_35_x86_64.whl", hash = "sha256:73183f141514e507c45a1e4ba1d25f1fdc604b20dd42bed7c8168f468632686b"},
    {file = "cadquery_ocp-7.7.2-cp38-cp38-win_amd64.whl", hash = "sha256:9e40840e1f4da5e0a8f1eb2168efc33ae65ac8e046c27a49936a2e9931fc1711"},
    {file = "cadquery_ocp-7.7.2-cp39-cp39-macosx_10_9_x86_64.whl", hash = "sha256:3f6750c84f8af930f366ad22397141f3c332c39fb826edf3fe26c4e6938690f7"},
    {file = "cadquery_ocp-7.7.2-cp39-cp39-manylinux_2_35_x86_64.whl", hash = "sha256:9f6c601d1db66353f0ef7c63fde70411573e917c16fb4c7cb5d92ed85b72f154"},
    {file = "cadquery_ocp-7.7.2-cp39-cp39-win_amd64.whl", hash = "sha256:feea223eaa2dfa33684f568b5ba2b02c35e96b5d894014f98927b5c08041a6be"},
]

[[package]]
name = "casadi"
version = "3.6.5"
description = "CasADi -- framework for algorithmic differentiation and numeric optimization"
optional = false
python-versions = "*"
files = [
    {file = "casadi-3.6.5-cp27-none-macosx_10_13_x86_64.macosx_10_13_intel.whl", hash = "sha256:6039081fdd1daf4ef7fa2b52814a954d75bfc03eb0dc62414e02af5d25746e8f"},
    {file = "casadi-3.6.5-cp27-none-manylinux1_i686.whl", hash = "sha256:b5192dfabf6f5266b168b984d124dd3086c1c5a408c0743ff3a82290a8ccf3b5"},
    {file = "casadi-3.6.5-cp27-none-manylinux2010_x86_64.whl", hash = "sha256:35b2ff6098e386a4d5e8bc681744e52bcd2f2f15cfa44c09814a8979b51a6794"},
    {file = "casadi-3.6.5-cp27-none-win_amd64.whl", hash = "sha256:caf395d1e36bfb215b154e8df61583d534a07ddabb18cbe50f259b7692a41ac8"},
    {file = "casadi-3.6.5-cp310-none-macosx_10_13_x86_64.macosx_10_13_intel.whl", hash = "sha256:314886ef44bd01f1a98579e7784a3bed6e0584e88f9465cf9596af2523efb0dd"},
    {file = "casadi-3.6.5-cp310-none-macosx_11_0_arm64.whl", hash = "sha256:c6789c8060a99b329bb584d97c1eab6a5e4f3e2d2db391e6c2001c6323774990"},
    {file = "casadi-3.6.5-cp310-none-manylinux2014_aarch64.whl", hash = "sha256:e40afb3c062817dd6ce2497cd001f00f107ee1ea41ec4d6ee9f9a5056d219e83"},
    {file = "casadi-3.6.5-cp310-none-manylinux2014_i686.whl", hash = "sha256:ee5a4ed50d2becd0bd6d203c7a60ffad27c14a3e0ae357480de11c846a8dd928"},
    {file = "casadi-3.6.5-cp310-none-manylinux2014_x86_64.whl", hash = "sha256:1ddb6e4afdd1da95d7d9d652ed973c1b7f50ef1454965a9170b657e223a2c73e"},
    {file = "casadi-3.6.5-cp310-none-win_amd64.whl", hash = "sha256:e96ca81b00b9621007d45db1254fcf232d518ebcc802f42853f57b4df977c567"},
    {file = "casadi-3.6.5-cp311-none-macosx_10_13_x86_64.macosx_10_13_intel.whl", hash = "sha256:bebd3909db24ba711e094aacc0a2329b9903d422d73f61be851873731244b7d1"},
    {file = "casadi-3.6.5-cp311-none-macosx_11_0_arm64.whl", hash = "sha256:ccb962ea02b7d6d245d5cd40fb52c29e812040a45273c6eed32cb8fcff673dda"},
    {file = "casadi-3.6.5-cp311-none-manylinux2014_aarch64.whl", hash = "sha256:1ce199a4ea1d376edbe5399cd622a4564040c83f50c50114fe50a69a8ea81d92"},
    {file = "casadi-3.6.5-cp311-none-manylinux2014_i686.whl", hash = "sha256:d12b67d467a5b2b0a909378ef7231fbc9af0da923baa13b1d5464d8471601ac3"},
    {file = "casadi-3.6.5-cp311-none-manylinux2014_x86_64.whl", hash = "sha256:3a3fb8af868f83d4a4f26d878c49f4acc4ed7ee92e731c73e650e5893418a634"},
    {file = "casadi-3.6.5-cp311-none-win_amd64.whl", hash = "sha256:3bdd645151beda013af5fd019fb554756e7dac37541b9f120cdfba90405b2671"},
    {file = "casadi-3.6.5-cp312-none-macosx_10_13_x86_64.macosx_10_13_intel.whl", hash = "sha256:33afd1a4da0c86b4316953fe541635a8a7dc51703282e24a870ada13a46adb53"},
    {file = "casadi-3.6.5-cp312-none-macosx_11_0_arm64.whl", hash = "sha256:0d6ee0558b4ecdd8aa4aa70fd31528b135801f1086c28a9cb78d8e8242b7aedd"},
    {file = "casadi-3.6.5-cp312-none-manylinux2014_i686.whl", hash = "sha256:be40e9897d80fb72a97e750b2143c32f63f8800cfb78f9b396d8ce7a913fca39"},
    {file = "casadi-3.6.5-cp312-none-manylinux2014_x86_64.whl", hash = "sha256:0118637823e292a9270133e02c9c6d3f3c7f75e8c91a6f6dc5275ade82dd1d9d"},
    {file = "casadi-3.6.5-cp312-none-win_amd64.whl", hash = "sha256:fe2b64d777e36cc3f101220dd1e219a0e11c3e4ee2b5e708b30fea9a27107e41"},
    {file = "casadi-3.6.5-cp35-none-macosx_10_13_x86_64.macosx_10_13_intel.whl", hash = "sha256:a1ae36449adec534125d4af5be912b6fb9dafe74d1fee39f6c82263695e21ca5"},
    {file = "casadi-3.6.5-cp35-none-manylinux1_i686.whl", hash = "sha256:32644c47fbfb643d5cf9769c7bbc94c6bdb9a40ea9c12c54af5e2754599c3186"},
    {file = "casadi-3.6.5-cp35-none-manylinux2010_x86_64.whl", hash = "sha256:601b76b7afcb27b11563999f6ad1d9d2a2510ab3d00a6f4ce86a0bee97c9d17a"},
    {file = "casadi-3.6.5-cp35-none-win_amd64.whl", hash = "sha256:febc645bcc0aed6d7a2bdb6e58b9a89cb8f74b19bc028c41cc807d75a5d54058"},
    {file = "casadi-3.6.5-cp36-none-macosx_10_13_x86_64.macosx_10_13_intel.whl", hash = "sha256:c98e68023c9e5905d9d6b99ae1fbbfe4b85ba9846b3685408bb498b20509f99a"},
    {file = "casadi-3.6.5-cp36-none-manylinux2014_aarch64.whl", hash = "sha256:eb311088dca5359acc05aa4d8895bf99afaa16c7c04b27bf640ce4c2361b8cde"},
    {file = "casadi-3.6.5-cp36-none-manylinux2014_i686.whl", hash = "sha256:bceb69bf9f04fded8a564eb64e298d19e945eaf4734f7145a5ee61cf9ac693e7"},
    {file = "casadi-3.6.5-cp36-none-manylinux2014_x86_64.whl", hash = "sha256:c951031e26d987986dbc334492b2e6ef108077f11c00e178ff4007e4a9bf91d8"},
    {file = "casadi-3.6.5-cp36-none-win_amd64.whl", hash = "sha256:e44af450ce944649932f9ef63ff00d2d21f642b506444418b4b20e69dba3adaf"},
    {file = "casadi-3.6.5-cp37-none-macosx_10_13_x86_64.macosx_10_13_intel.whl", hash = "sha256:c661fe88a93b7cc7ea42802aac76a674135cd65e3e564a6f08570dd3bea05201"},
    {file = "casadi-3.6.5-cp37-none-manylinux2014_aarch64.whl", hash = "sha256:5266fc82e39352e26cb1a4e0a5c3deb32d09e6333be637bd78c273fa50f9012b"},
    {file = "casadi-3.6.5-cp37-none-manylinux2014_i686.whl", hash = "sha256:02d6fb63c460abd99a450e861034d97568a8aec621fc0a4fed22f7494989c682"},
    {file = "casadi-3.6.5-cp37-none-manylinux2014_x86_64.whl", hash = "sha256:5e8adffe2015cde370fc545b2d0fe731e96e583e4ea4c5f3044e818fea975cfc"},
    {file = "casadi-3.6.5-cp37-none-win_amd64.whl", hash = "sha256:7ea8545579872b6f5412985dafec26b906b67bd4639a6c718b7e07f802af4e42"},
    {file = "casadi-3.6.5-cp38-none-macosx_10_13_x86_64.macosx_10_13_intel.whl", hash = "sha256:0a38bf808bf51368607c64307dd77a7363fbe8e5c910cd5c605546be60edfaff"},
    {file = "casadi-3.6.5-cp38-none-macosx_11_0_arm64.whl", hash = "sha256:f62f779481b30e5ea88392bdb8225e9545a21c4460dc3e96c2b782405b938d04"},
    {file = "casadi-3.6.5-cp38-none-manylinux2014_aarch64.whl", hash = "sha256:deb2cb2bee8aba0c2cad03c832965b51ca305d0f8eb15de8b857ba86a76f0db0"},
    {file = "casadi-3.6.5-cp38-none-manylinux2014_i686.whl", hash = "sha256:f6e10b66d6ae8216dab01532f7ad75cc9d66a95125d421b33d078a51ea0fc2a0"},
    {file = "casadi-3.6.5-cp38-none-manylinux2014_x86_64.whl", hash = "sha256:f9e82658c910e3317535d769334260e0a24d97bbce68cadb72f592e9fcbafd61"},
    {file = "casadi-3.6.5-cp38-none-win_amd64.whl", hash = "sha256:092e448e05feaed8958d684e896d909e756d199b84d3b9d0182da38cd3deebf6"},
    {file = "casadi-3.6.5-cp39-none-macosx_10_13_x86_64.macosx_10_13_intel.whl", hash = "sha256:f9c1de9a798767c00f89c27677b74059df4c9601d69270967b06d7fcff204b4d"},
    {file = "casadi-3.6.5-cp39-none-macosx_11_0_arm64.whl", hash = "sha256:83e3404de4449cb7382e49d811eec79cd370e64b97b5c94b155c604d7c523a40"},
    {file = "casadi-3.6.5-cp39-none-manylinux2014_aarch64.whl", hash = "sha256:af95de5aa5942d627d43312834791623384c2ad6ba87928bf0e3cacc8a6698e8"},
    {file = "casadi-3.6.5-cp39-none-manylinux2014_i686.whl", hash = "sha256:dbeb50726603454a1f85323cba7caf72524cd43ca0aeb1f286d07005a967ece9"},
    {file = "casadi-3.6.5-cp39-none-manylinux2014_x86_64.whl", hash = "sha256:8bbfb2eb8cb6b9e2384814d6427e48bcf6df049bf7ed05b0a58bb311a1fbf18c"},
    {file = "casadi-3.6.5-cp39-none-win_amd64.whl", hash = "sha256:0e4a4ec2e26ebeb22b0c129f2db3cf90f730cf9fbe98adb9a12720ff6ca1834a"},
    {file = "casadi-3.6.5.tar.gz", hash = "sha256:409a5f6725eadea40fddfb8ba2321139b5252edac8bc115a72f68e648631d56a"},
]

[package.dependencies]
numpy = "*"

[[package]]
name = "click"
version = "8.1.7"
description = "Composable command line interface toolkit"
optional = false
python-versions = ">=3.7"
files = [
    {file = "click-8.1.7-py3-none-any.whl", hash = "sha256:ae74fb96c20a0277a1d615f1e4d73c8414f5a98db8b799a7931d1582f3390c28"},
    {file = "click-8.1.7.tar.gz", hash = "sha256:ca9853ad459e787e2192211578cc907e7594e294c7ccc834310722b41b9ca6de"},
]

[package.dependencies]
colorama = {version = "*", markers = "platform_system == \"Windows\""}

[[package]]
name = "colorama"
version = "0.4.6"
description = "Cross-platform colored terminal text."
optional = false
python-versions = "!=3.0.*,!=3.1.*,!=3.2.*,!=3.3.*,!=3.4.*,!=3.5.*,!=3.6.*,>=2.7"
files = [
    {file = "colorama-0.4.6-py2.py3-none-any.whl", hash = "sha256:4f1d9991f5acc0ca119f9d443620b77f9d6b33703e51011c16baf57afb285fc6"},
    {file = "colorama-0.4.6.tar.gz", hash = "sha256:08695f5cb7ed6e0531a20572697297273c47b8cae5a63ffc6d6ed5c201be6e44"},
]

[[package]]
name = "ezdxf"
version = "1.3.1"
description = "A Python package to create/manipulate DXF drawings."
optional = false
python-versions = ">=3.9"
files = [
    {file = "ezdxf-1.3.1-cp310-cp310-macosx_10_9_universal2.whl", hash = "sha256:25b0523d0fb15c830689c1d9e313b4e8c278fbd6df4670394f427cece8c5f8e3"},
    {file = "ezdxf-1.3.1-cp310-cp310-macosx_10_9_x86_64.whl", hash = "sha256:5b613573cf8b5373e5e5fb12127b17c70138a6307ac520d001d36f1ba8f1bf0d"},
    {file = "ezdxf-1.3.1-cp310-cp310-macosx_11_0_arm64.whl", hash = "sha256:a2a79e0908d789fe4a92630b991248aca01907c069c4269c34a8f0d2a2facb95"},
    {file = "ezdxf-1.3.1-cp310-cp310-manylinux_2_17_aarch64.manylinux2014_aarch64.whl", hash = "sha256:2db0790c414151cc0343bac13d81fc02b2b9c4974a17d2c0e0d40fd8d5f4a735"},
    {file = "ezdxf-1.3.1-cp310-cp310-manylinux_2_17_x86_64.manylinux2014_x86_64.whl", hash = "sha256:a7095d899c7fdf884dce2b8a629000d594894ef014b5e00d529860f0a46eed76"},
    {file = "ezdxf-1.3.1-cp310-cp310-musllinux_1_1_aarch64.whl", hash = "sha256:92b08ac7adac6d91768b9dd6179dd35a23c7eef9382aebc14125e055eb85de28"},
    {file = "ezdxf-1.3.1-cp310-cp310-musllinux_1_1_x86_64.whl", hash = "sha256:eebb9bb3caa7b150bf828f431807762174e06c497dc4c2d9251e8dabe84e660d"},
    {file = "ezdxf-1.3.1-cp310-cp310-win_amd64.whl", hash = "sha256:44e08030a365550ab31bcf3839c948cb9074e1b477174f44aa089de5ec9adc1b"},
    {file = "ezdxf-1.3.1-cp311-cp311-macosx_10_9_universal2.whl", hash = "sha256:bcaaf578a6651497bb759260ecffa221f7637b42771439b28a6af7bc1fe4c1ec"},
    {file = "ezdxf-1.3.1-cp311-cp311-macosx_10_9_x86_64.whl", hash = "sha256:45981c25860a21ae3329c7978517ff3b0be0a2f65ea456df24798970c10545e4"},
    {file = "ezdxf-1.3.1-cp311-cp311-macosx_11_0_arm64.whl", hash = "sha256:965096be7d02fe7edc66086b3903801a7f0673c96a1704710259ee5ec02f0512"},
    {file = "ezdxf-1.3.1-cp311-cp311-manylinux_2_17_aarch64.manylinux2014_aarch64.whl", hash = "sha256:c4a3b7c80507d4ca1a1aa5f14b02fdeced58c8b5638850b045b01b3bcb47c3b1"},
    {file = "ezdxf-1.3.1-cp311-cp311-manylinux_2_17_x86_64.manylinux2014_x86_64.whl", hash = "sha256:99d0479c6a02085d7b539dd0d89d08549b2d665bb7f5fa9f3a97d6deadfc0829"},
    {file = "ezdxf-1.3.1-cp311-cp311-musllinux_1_1_aarch64.whl", hash = "sha256:37b36b49f1f8663d72f4ccff58fc1fa50ca87748c3b3df6a181b6cbb0a947e5a"},
    {file = "ezdxf-1.3.1-cp311-cp311-musllinux_1_1_x86_64.whl", hash = "sha256:ef8bc194cc3892cbb02d08cfa9e50c9143bad5653db34018f3dde9c263559652"},
    {file = "ezdxf-1.3.1-cp311-cp311-win_amd64.whl", hash = "sha256:c03852a0b18cae7d4573e6ed84ca157d89373076af4f4539f740396d635c25c4"},
    {file = "ezdxf-1.3.1-cp312-cp312-macosx_10_9_universal2.whl", hash = "sha256:29a11a8fe5d4552ca8bb1338c7b6fed513fc4f4857b30d8817eaa1309a67af7f"},
    {file = "ezdxf-1.3.1-cp312-cp312-macosx_10_9_x86_64.whl", hash = "sha256:c5c016a35295e558cd9d78345b6a5bb1ab2491ff42deb52490320c25b7ea13a4"},
    {file = "ezdxf-1.3.1-cp312-cp312-macosx_11_0_arm64.whl", hash = "sha256:5c000f95503851490150ad8a9b60f4a0efae6f566472543ea8d59bbd17971ad9"},
    {file = "ezdxf-1.3.1-cp312-cp312-manylinux_2_17_aarch64.manylinux2014_aarch64.whl", hash = "sha256:317b73a19407c0705d1f3430148154f719e65cf68e958218c80dd7bd59d1cddc"},
    {file = "ezdxf-1.3.1-cp312-cp312-manylinux_2_17_x86_64.manylinux2014_x86_64.whl", hash = "sha256:6e00ea19fed35b0e22d8256fa67fdffe99f33738133ea5974d360a7e3d8411bf"},
    {file = "ezdxf-1.3.1-cp312-cp312-musllinux_1_1_aarch64.whl", hash = "sha256:99bb5a3810a8657a601e075ad5827a6519a61d91dc651f1e3776dd0bc7cb223f"},
    {file = "ezdxf-1.3.1-cp312-cp312-musllinux_1_1_x86_64.whl", hash = "sha256:de3b08f85c79cc8bb9a579fd1b7a4951cc6a9f497f5ade2d9b3d92ca9d057288"},
    {file = "ezdxf-1.3.1-cp312-cp312-win_amd64.whl", hash = "sha256:4d53bf7e069e7775c342378f328af8167238429824e49869b794d8688dd85575"},
    {file = "ezdxf-1.3.1-cp39-cp39-macosx_10_9_universal2.whl", hash = "sha256:37f49f6d0006a5969a736183889d38aab608d35ec2a13d9b7798271f785cde3e"},
    {file = "ezdxf-1.3.1-cp39-cp39-macosx_10_9_x86_64.whl", hash = "sha256:aac05ab36290aac4a442d3d7bf3294a1e61a4a2ab1f275a740817d7908407cc7"},
    {file = "ezdxf-1.3.1-cp39-cp39-macosx_11_0_arm64.whl", hash = "sha256:83cc14ec51278791f37c7369f6db961535810e3391f24e355517f11c014a85f3"},
    {file = "ezdxf-1.3.1-cp39-cp39-manylinux_2_17_aarch64.manylinux2014_aarch64.whl", hash = "sha256:d22b62a82d1031200e2217eaf0caee01d150e94f6cc9f3aaeaf621ba520d6848"},
    {file = "ezdxf-1.3.1-cp39-cp39-manylinux_2_5_x86_64.manylinux1_x86_64.manylinux_2_12_x86_64.manylinux2010_x86_64.whl", hash = "sha256:9c344bb0e09ccc90b50b4f4833126ca6ace6b23be1fe32dd276875ee5e6bbae9"},
    {file = "ezdxf-1.3.1-cp39-cp39-musllinux_1_1_aarch64.whl", hash = "sha256:819877f43dcf623c18f0fc00b9bf34180976f0078dbd6fb022ad402759379489"},
    {file = "ezdxf-1.3.1-cp39-cp39-musllinux_1_1_x86_64.whl", hash = "sha256:7ffad1495c0f0a44d1ff53cd5e766ec631026227d2dde3e5940d5acd38784e13"},
    {file = "ezdxf-1.3.1-cp39-cp39-win_amd64.whl", hash = "sha256:3f8910132479ebd829d8c47e123db6ba0f5a8e9f7dfe79f104407a25517972c2"},
    {file = "ezdxf-1.3.1-py3-none-any.whl", hash = "sha256:68ba8a6f87b04bcdf43808adb7fed0c32a9ad158126415481b19bf4a9a8178a4"},
    {file = "ezdxf-1.3.1.zip", hash = "sha256:160c8e0bbc8bc0d199a2299a6b489df5fa88ab724550243783c81c4ad3e409dd"},
]

[package.dependencies]
fonttools = "*"
numpy = "*"
pyparsing = ">=2.0.1"
typing_extensions = ">=4.6.0"

[package.extras]
dev = ["Cython", "Pillow", "PyMuPDF (>=1.20.0)", "PySide6", "matplotlib", "pytest", "setuptools", "wheel"]
dev5 = ["Cython", "Pillow", "PyMuPDF (>=1.20.0)", "PyQt5", "matplotlib", "pytest", "setuptools", "wheel"]
draw = ["Pillow", "PyMuPDF (>=1.20.0)", "PySide6", "matplotlib"]
draw5 = ["Pillow", "PyMuPDF (>=1.20.0)", "PyQt5", "matplotlib"]

[[package]]
name = "fonttools"
version = "4.53.0"
description = "Tools to manipulate font files"
optional = false
python-versions = ">=3.8"
files = [
    {file = "fonttools-4.53.0-cp310-cp310-macosx_10_9_universal2.whl", hash = "sha256:52a6e0a7a0bf611c19bc8ec8f7592bdae79c8296c70eb05917fd831354699b20"},
    {file = "fonttools-4.53.0-cp310-cp310-macosx_11_0_arm64.whl", hash = "sha256:099634631b9dd271d4a835d2b2a9e042ccc94ecdf7e2dd9f7f34f7daf333358d"},
    {file = "fonttools-4.53.0-cp310-cp310-manylinux_2_17_aarch64.manylinux2014_aarch64.whl", hash = "sha256:e40013572bfb843d6794a3ce076c29ef4efd15937ab833f520117f8eccc84fd6"},
    {file = "fonttools-4.53.0-cp310-cp310-manylinux_2_17_x86_64.manylinux2014_x86_64.whl", hash = "sha256:715b41c3e231f7334cbe79dfc698213dcb7211520ec7a3bc2ba20c8515e8a3b5"},
    {file = "fonttools-4.53.0-cp310-cp310-musllinux_1_2_aarch64.whl", hash = "sha256:74ae2441731a05b44d5988d3ac2cf784d3ee0a535dbed257cbfff4be8bb49eb9"},
    {file = "fonttools-4.53.0-cp310-cp310-musllinux_1_2_x86_64.whl", hash = "sha256:95db0c6581a54b47c30860d013977b8a14febc206c8b5ff562f9fe32738a8aca"},
    {file = "fonttools-4.53.0-cp310-cp310-win32.whl", hash = "sha256:9cd7a6beec6495d1dffb1033d50a3f82dfece23e9eb3c20cd3c2444d27514068"},
    {file = "fonttools-4.53.0-cp310-cp310-win_amd64.whl", hash = "sha256:daaef7390e632283051e3cf3e16aff2b68b247e99aea916f64e578c0449c9c68"},
    {file = "fonttools-4.53.0-cp311-cp311-macosx_10_9_universal2.whl", hash = "sha256:a209d2e624ba492df4f3bfad5996d1f76f03069c6133c60cd04f9a9e715595ec"},
    {file = "fonttools-4.53.0-cp311-cp311-macosx_11_0_arm64.whl", hash = "sha256:4f520d9ac5b938e6494f58a25c77564beca7d0199ecf726e1bd3d56872c59749"},
    {file = "fonttools-4.53.0-cp311-cp311-manylinux_2_17_aarch64.manylinux2014_aarch64.whl", hash = "sha256:eceef49f457253000e6a2d0f7bd08ff4e9fe96ec4ffce2dbcb32e34d9c1b8161"},
    {file = "fonttools-4.53.0-cp311-cp311-manylinux_2_17_x86_64.manylinux2014_x86_64.whl", hash = "sha256:fa1f3e34373aa16045484b4d9d352d4c6b5f9f77ac77a178252ccbc851e8b2ee"},
    {file = "fonttools-4.53.0-cp311-cp311-musllinux_1_2_aarch64.whl", hash = "sha256:28d072169fe8275fb1a0d35e3233f6df36a7e8474e56cb790a7258ad822b6fd6"},
    {file = "fonttools-4.53.0-cp311-cp311-musllinux_1_2_x86_64.whl", hash = "sha256:4a2a6ba400d386e904fd05db81f73bee0008af37799a7586deaa4aef8cd5971e"},
    {file = "fonttools-4.53.0-cp311-cp311-win32.whl", hash = "sha256:bb7273789f69b565d88e97e9e1da602b4ee7ba733caf35a6c2affd4334d4f005"},
    {file = "fonttools-4.53.0-cp311-cp311-win_amd64.whl", hash = "sha256:9fe9096a60113e1d755e9e6bda15ef7e03391ee0554d22829aa506cdf946f796"},
    {file = "fonttools-4.53.0-cp312-cp312-macosx_10_9_universal2.whl", hash = "sha256:d8f191a17369bd53a5557a5ee4bab91d5330ca3aefcdf17fab9a497b0e7cff7a"},
    {file = "fonttools-4.53.0-cp312-cp312-macosx_11_0_arm64.whl", hash = "sha256:93156dd7f90ae0a1b0e8871032a07ef3178f553f0c70c386025a808f3a63b1f4"},
    {file = "fonttools-4.53.0-cp312-cp312-manylinux_2_17_aarch64.manylinux2014_aarch64.whl", hash = "sha256:bff98816cb144fb7b85e4b5ba3888a33b56ecef075b0e95b95bcd0a5fbf20f06"},
    {file = "fonttools-4.53.0-cp312-cp312-manylinux_2_5_x86_64.manylinux1_x86_64.manylinux_2_17_x86_64.manylinux2014_x86_64.whl", hash = "sha256:973d030180eca8255b1bce6ffc09ef38a05dcec0e8320cc9b7bcaa65346f341d"},
    {file = "fonttools-4.53.0-cp312-cp312-musllinux_1_2_aarch64.whl", hash = "sha256:c4ee5a24e281fbd8261c6ab29faa7fd9a87a12e8c0eed485b705236c65999109"},
    {file = "fonttools-4.53.0-cp312-cp312-musllinux_1_2_x86_64.whl", hash = "sha256:bd5bc124fae781a4422f61b98d1d7faa47985f663a64770b78f13d2c072410c2"},
    {file = "fonttools-4.53.0-cp312-cp312-win32.whl", hash = "sha256:a239afa1126b6a619130909c8404070e2b473dd2b7fc4aacacd2e763f8597fea"},
    {file = "fonttools-4.53.0-cp312-cp312-win_amd64.whl", hash = "sha256:45b4afb069039f0366a43a5d454bc54eea942bfb66b3fc3e9a2c07ef4d617380"},
    {file = "fonttools-4.53.0-cp38-cp38-macosx_10_9_universal2.whl", hash = "sha256:93bc9e5aaa06ff928d751dc6be889ff3e7d2aa393ab873bc7f6396a99f6fbb12"},
    {file = "fonttools-4.53.0-cp38-cp38-macosx_11_0_arm64.whl", hash = "sha256:2367d47816cc9783a28645bc1dac07f8ffc93e0f015e8c9fc674a5b76a6da6e4"},
    {file = "fonttools-4.53.0-cp38-cp38-manylinux_2_17_aarch64.manylinux2014_aarch64.whl", hash = "sha256:907fa0b662dd8fc1d7c661b90782ce81afb510fc4b7aa6ae7304d6c094b27bce"},
    {file = "fonttools-4.53.0-cp38-cp38-manylinux_2_17_x86_64.manylinux2014_x86_64.whl", hash = "sha256:3e0ad3c6ea4bd6a289d958a1eb922767233f00982cf0fe42b177657c86c80a8f"},
    {file = "fonttools-4.53.0-cp38-cp38-musllinux_1_2_aarch64.whl", hash = "sha256:73121a9b7ff93ada888aaee3985a88495489cc027894458cb1a736660bdfb206"},
    {file = "fonttools-4.53.0-cp38-cp38-musllinux_1_2_x86_64.whl", hash = "sha256:ee595d7ba9bba130b2bec555a40aafa60c26ce68ed0cf509983e0f12d88674fd"},
    {file = "fonttools-4.53.0-cp38-cp38-win32.whl", hash = "sha256:fca66d9ff2ac89b03f5aa17e0b21a97c21f3491c46b583bb131eb32c7bab33af"},
    {file = "fonttools-4.53.0-cp38-cp38-win_amd64.whl", hash = "sha256:31f0e3147375002aae30696dd1dc596636abbd22fca09d2e730ecde0baad1d6b"},
    {file = "fonttools-4.53.0-cp39-cp39-macosx_10_9_universal2.whl", hash = "sha256:7d6166192dcd925c78a91d599b48960e0a46fe565391c79fe6de481ac44d20ac"},
    {file = "fonttools-4.53.0-cp39-cp39-macosx_11_0_arm64.whl", hash = "sha256:ef50ec31649fbc3acf6afd261ed89d09eb909b97cc289d80476166df8438524d"},
    {file = "fonttools-4.53.0-cp39-cp39-manylinux_2_17_aarch64.manylinux2014_aarch64.whl", hash = "sha256:7f193f060391a455920d61684a70017ef5284ccbe6023bb056e15e5ac3de11d1"},
    {file = "fonttools-4.53.0-cp39-cp39-manylinux_2_17_x86_64.manylinux2014_x86_64.whl", hash = "sha256:ba9f09ff17f947392a855e3455a846f9855f6cf6bec33e9a427d3c1d254c712f"},
    {file = "fonttools-4.53.0-cp39-cp39-musllinux_1_2_aarch64.whl", hash = "sha256:0c555e039d268445172b909b1b6bdcba42ada1cf4a60e367d68702e3f87e5f64"},
    {file = "fonttools-4.53.0-cp39-cp39-musllinux_1_2_x86_64.whl", hash = "sha256:5a4788036201c908079e89ae3f5399b33bf45b9ea4514913f4dbbe4fac08efe0"},
    {file = "fonttools-4.53.0-cp39-cp39-win32.whl", hash = "sha256:d1a24f51a3305362b94681120c508758a88f207fa0a681c16b5a4172e9e6c7a9"},
    {file = "fonttools-4.53.0-cp39-cp39-win_amd64.whl", hash = "sha256:1e677bfb2b4bd0e5e99e0f7283e65e47a9814b0486cb64a41adf9ef110e078f2"},
    {file = "fonttools-4.53.0-py3-none-any.whl", hash = "sha256:6b4f04b1fbc01a3569d63359f2227c89ab294550de277fd09d8fca6185669fa4"},
    {file = "fonttools-4.53.0.tar.gz", hash = "sha256:c93ed66d32de1559b6fc348838c7572d5c0ac1e4a258e76763a5caddd8944002"},
]

[package.extras]
all = ["brotli (>=1.0.1)", "brotlicffi (>=0.8.0)", "fs (>=2.2.0,<3)", "lxml (>=4.0)", "lz4 (>=1.7.4.2)", "matplotlib", "munkres", "pycairo", "scipy", "skia-pathops (>=0.5.0)", "sympy", "uharfbuzz (>=0.23.0)", "unicodedata2 (>=15.1.0)", "xattr", "zopfli (>=0.1.4)"]
graphite = ["lz4 (>=1.7.4.2)"]
interpolatable = ["munkres", "pycairo", "scipy"]
lxml = ["lxml (>=4.0)"]
pathops = ["skia-pathops (>=0.5.0)"]
plot = ["matplotlib"]
repacker = ["uharfbuzz (>=0.23.0)"]
symfont = ["sympy"]
type1 = ["xattr"]
ufo = ["fs (>=2.2.0,<3)"]
unicode = ["unicodedata2 (>=15.1.0)"]
woff = ["brotli (>=1.0.1)", "brotlicffi (>=0.8.0)", "zopfli (>=0.1.4)"]

[[package]]
name = "iniconfig"
version = "2.0.0"
description = "brain-dead simple config-ini parsing"
optional = false
python-versions = ">=3.7"
files = [
    {file = "iniconfig-2.0.0-py3-none-any.whl", hash = "sha256:b6a85871a79d2e3b22d2d1b94ac2824226a63c6b741c88f7ae975f18b6778374"},
    {file = "iniconfig-2.0.0.tar.gz", hash = "sha256:2d91e135bf72d31a410b17c16da610a82cb55f6b0477d1a902134b24a455b8b3"},
]

[[package]]
name = "isort"
version = "5.13.2"
description = "A Python utility / library to sort Python imports."
optional = false
python-versions = ">=3.8.0"
files = [
    {file = "isort-5.13.2-py3-none-any.whl", hash = "sha256:8ca5e72a8d85860d5a3fa69b8745237f2939afe12dbf656afbcb47fe72d947a6"},
    {file = "isort-5.13.2.tar.gz", hash = "sha256:48fdfcb9face5d58a4f6dde2e72a1fb8dcaf8ab26f95ab49fab84c2ddefb0109"},
]

[package.extras]
colors = ["colorama (>=0.4.6)"]

[[package]]
name = "multimethod"
version = "1.9.1"
description = "Multiple argument dispatching."
optional = false
python-versions = ">=3.7"
files = [
    {file = "multimethod-1.9.1-py3-none-any.whl", hash = "sha256:52f8f1f2b9d5a4c7adfdcc114dbeeebe3245a4420801e8807e26522a79fb6bc2"},
    {file = "multimethod-1.9.1.tar.gz", hash = "sha256:1589bf52ca294667fd15527ea830127c763f5bfc38562e3642591ffd0fd9d56f"},
]

[[package]]
name = "mypy"
version = "1.10.1"
description = "Optional static typing for Python"
optional = false
python-versions = ">=3.8"
files = [
    {file = "mypy-1.10.1-cp310-cp310-macosx_10_9_x86_64.whl", hash = "sha256:e36f229acfe250dc660790840916eb49726c928e8ce10fbdf90715090fe4ae02"},
    {file = "mypy-1.10.1-cp310-cp310-macosx_11_0_arm64.whl", hash = "sha256:51a46974340baaa4145363b9e051812a2446cf583dfaeba124af966fa44593f7"},
    {file = "mypy-1.10.1-cp310-cp310-manylinux_2_17_x86_64.manylinux2014_x86_64.whl", hash = "sha256:901c89c2d67bba57aaaca91ccdb659aa3a312de67f23b9dfb059727cce2e2e0a"},
    {file = "mypy-1.10.1-cp310-cp310-musllinux_1_1_x86_64.whl", hash = "sha256:0cd62192a4a32b77ceb31272d9e74d23cd88c8060c34d1d3622db3267679a5d9"},
    {file = "mypy-1.10.1-cp310-cp310-win_amd64.whl", hash = "sha256:a2cbc68cb9e943ac0814c13e2452d2046c2f2b23ff0278e26599224cf164e78d"},
    {file = "mypy-1.10.1-cp311-cp311-macosx_10_9_x86_64.whl", hash = "sha256:bd6f629b67bb43dc0d9211ee98b96d8dabc97b1ad38b9b25f5e4c4d7569a0c6a"},
    {file = "mypy-1.10.1-cp311-cp311-macosx_11_0_arm64.whl", hash = "sha256:a1bbb3a6f5ff319d2b9d40b4080d46cd639abe3516d5a62c070cf0114a457d84"},
    {file = "mypy-1.10.1-cp311-cp311-manylinux_2_17_x86_64.manylinux2014_x86_64.whl", hash = "sha256:b8edd4e9bbbc9d7b79502eb9592cab808585516ae1bcc1446eb9122656c6066f"},
    {file = "mypy-1.10.1-cp311-cp311-musllinux_1_1_x86_64.whl", hash = "sha256:6166a88b15f1759f94a46fa474c7b1b05d134b1b61fca627dd7335454cc9aa6b"},
    {file = "mypy-1.10.1-cp311-cp311-win_amd64.whl", hash = "sha256:5bb9cd11c01c8606a9d0b83ffa91d0b236a0e91bc4126d9ba9ce62906ada868e"},
    {file = "mypy-1.10.1-cp312-cp312-macosx_10_9_x86_64.whl", hash = "sha256:d8681909f7b44d0b7b86e653ca152d6dff0eb5eb41694e163c6092124f8246d7"},
    {file = "mypy-1.10.1-cp312-cp312-macosx_11_0_arm64.whl", hash = "sha256:378c03f53f10bbdd55ca94e46ec3ba255279706a6aacaecac52ad248f98205d3"},
    {file = "mypy-1.10.1-cp312-cp312-manylinux_2_17_x86_64.manylinux2014_x86_64.whl", hash = "sha256:6bacf8f3a3d7d849f40ca6caea5c055122efe70e81480c8328ad29c55c69e93e"},
    {file = "mypy-1.10.1-cp312-cp312-musllinux_1_1_x86_64.whl", hash = "sha256:701b5f71413f1e9855566a34d6e9d12624e9e0a8818a5704d74d6b0402e66c04"},
    {file = "mypy-1.10.1-cp312-cp312-win_amd64.whl", hash = "sha256:3c4c2992f6ea46ff7fce0072642cfb62af7a2484efe69017ed8b095f7b39ef31"},
    {file = "mypy-1.10.1-cp38-cp38-macosx_10_9_x86_64.whl", hash = "sha256:604282c886497645ffb87b8f35a57ec773a4a2721161e709a4422c1636ddde5c"},
    {file = "mypy-1.10.1-cp38-cp38-macosx_11_0_arm64.whl", hash = "sha256:37fd87cab83f09842653f08de066ee68f1182b9b5282e4634cdb4b407266bade"},
    {file = "mypy-1.10.1-cp38-cp38-manylinux_2_17_x86_64.manylinux2014_x86_64.whl", hash = "sha256:8addf6313777dbb92e9564c5d32ec122bf2c6c39d683ea64de6a1fd98b90fe37"},
    {file = "mypy-1.10.1-cp38-cp38-musllinux_1_1_x86_64.whl", hash = "sha256:5cc3ca0a244eb9a5249c7c583ad9a7e881aa5d7b73c35652296ddcdb33b2b9c7"},
    {file = "mypy-1.10.1-cp38-cp38-win_amd64.whl", hash = "sha256:1b3a2ffce52cc4dbaeee4df762f20a2905aa171ef157b82192f2e2f368eec05d"},
    {file = "mypy-1.10.1-cp39-cp39-macosx_10_9_x86_64.whl", hash = "sha256:fe85ed6836165d52ae8b88f99527d3d1b2362e0cb90b005409b8bed90e9059b3"},
    {file = "mypy-1.10.1-cp39-cp39-macosx_11_0_arm64.whl", hash = "sha256:c2ae450d60d7d020d67ab440c6e3fae375809988119817214440033f26ddf7bf"},
    {file = "mypy-1.10.1-cp39-cp39-manylinux_2_17_x86_64.manylinux2014_x86_64.whl", hash = "sha256:6be84c06e6abd72f960ba9a71561c14137a583093ffcf9bbfaf5e613d63fa531"},
    {file = "mypy-1.10.1-cp39-cp39-musllinux_1_1_x86_64.whl", hash = "sha256:2189ff1e39db399f08205e22a797383613ce1cb0cb3b13d8bcf0170e45b96cc3"},
    {file = "mypy-1.10.1-cp39-cp39-win_amd64.whl", hash = "sha256:97a131ee36ac37ce9581f4220311247ab6cba896b4395b9c87af0675a13a755f"},
    {file = "mypy-1.10.1-py3-none-any.whl", hash = "sha256:71d8ac0b906354ebda8ef1673e5fde785936ac1f29ff6987c7483cfbd5a4235a"},
    {file = "mypy-1.10.1.tar.gz", hash = "sha256:1f8f492d7db9e3593ef42d4f115f04e556130f2819ad33ab84551403e97dd4c0"},
]

[package.dependencies]
mypy-extensions = ">=1.0.0"
tomli = {version = ">=1.1.0", markers = "python_version < \"3.11\""}
typing-extensions = ">=4.1.0"

[package.extras]
dmypy = ["psutil (>=4.0)"]
install-types = ["pip"]
mypyc = ["setuptools (>=50)"]
reports = ["lxml"]

[[package]]
name = "mypy-extensions"
version = "1.0.0"
description = "Type system extensions for programs checked with the mypy type checker."
optional = false
python-versions = ">=3.5"
files = [
    {file = "mypy_extensions-1.0.0-py3-none-any.whl", hash = "sha256:4392f6c0eb8a5668a69e23d168ffa70f0be9ccfd32b5cc2d26a34ae5b844552d"},
    {file = "mypy_extensions-1.0.0.tar.gz", hash = "sha256:75dbf8955dc00442a438fc4d0666508a9a97b6bd41aa2f0ffe9d2f2725af0782"},
]

[[package]]
name = "nlopt"
version = "2.7.1"
description = "Library for nonlinear optimization, wrapping many algorithms for global and local, constrained or unconstrained, optimization"
optional = false
python-versions = ">=3.6"
files = [
    {file = "nlopt-2.7.1-cp310-cp310-macosx_10_9_x86_64.whl", hash = "sha256:42b7883704e1285ff40d930699eb7fc7e1341229da33666b4163459cfdf89fb1"},
    {file = "nlopt-2.7.1-cp310-cp310-manylinux_2_17_x86_64.manylinux2014_x86_64.whl", hash = "sha256:6ba0862162248442fbf1f04b20a321c11ff40ff4442a12aaaafcdaff9abb0ab7"},
    {file = "nlopt-2.7.1-cp310-cp310-win_amd64.whl", hash = "sha256:426c18548d733640449d707c82eb57c09a5f01d4b064f87312808d194d227f24"},
    {file = "nlopt-2.7.1-cp311-cp311-macosx_10_9_x86_64.whl", hash = "sha256:7a12fe3cbfb36a6a18f84a1ac23ed3dda323860235381b3d2d182d8b771783ef"},
    {file = "nlopt-2.7.1-cp311-cp311-manylinux_2_17_x86_64.manylinux2014_x86_64.whl", hash = "sha256:3e1653de0060a42d6709423e6160888893bb688f4ff79aa0f1def4701ea25dd8"},
    {file = "nlopt-2.7.1-cp311-cp311-win_amd64.whl", hash = "sha256:88ec7cf491da150d497ecc61889bc7adb0af0ad05a67e925a4f5ac88e20f1b9c"},
    {file = "nlopt-2.7.1-cp312-cp312-macosx_10_9_x86_64.whl", hash = "sha256:da0ac81b10f838afe7c1b99a2f895c31e05ca68328571fe430f382ce08cbfb07"},
    {file = "nlopt-2.7.1-cp312-cp312-manylinux_2_17_x86_64.manylinux2014_x86_64.whl", hash = "sha256:592ded3b34bb888cd99c5da3fb1c3c9269ddd996dade578a8ec325cd8b6be752"},
    {file = "nlopt-2.7.1-cp312-cp312-win_amd64.whl", hash = "sha256:1647131d53302e72f5c4851ab04a92401a342c3e0fcfaac0eda316f5e8f3b283"},
    {file = "nlopt-2.7.1-cp37-cp37m-macosx_10_9_x86_64.whl", hash = "sha256:79791a2179d1cf708622eaeea76c88acbadc6af0d2f198df21a74473838686c3"},
    {file = "nlopt-2.7.1-cp37-cp37m-manylinux_2_17_x86_64.manylinux2014_x86_64.whl", hash = "sha256:aad38bab99348f6c3bbf0d5f339b3fd77465b27ef44c330f4ba512a40b87b373"},
    {file = "nlopt-2.7.1-cp37-cp37m-win_amd64.whl", hash = "sha256:479a415f522051f6d728a3279c013aab96a6eaf3c323a89582dcb07eb636f15f"},
    {file = "nlopt-2.7.1-cp38-cp38-macosx_10_9_x86_64.whl", hash = "sha256:d99f1d6217bc3ead6fa6fe84a923577003f9a5f760cd354a3f8dcd1e11d626ce"},
    {file = "nlopt-2.7.1-cp38-cp38-manylinux_2_17_x86_64.manylinux2014_x86_64.whl", hash = "sha256:33f9370bd37788b4ac792cf161835f1e4e9bbad8bfb5a76f75a295ae38dcd8d0"},
    {file = "nlopt-2.7.1-cp38-cp38-win_amd64.whl", hash = "sha256:8e7b65cf3a751e822b02f28b65d0c548052523fa6333619af3f24fec60a6b6bd"},
    {file = "nlopt-2.7.1-cp39-cp39-macosx_10_9_x86_64.whl", hash = "sha256:087ff54de5ec0375fd18f843b36e9a8590c0f1e194bb45d3119ba844aeb836dd"},
    {file = "nlopt-2.7.1-cp39-cp39-manylinux_2_17_x86_64.manylinux2014_x86_64.whl", hash = "sha256:b4a05448f0ffebbab7a6a822297430e018c848652280e6efa13484e210291d5c"},
    {file = "nlopt-2.7.1-cp39-cp39-win_amd64.whl", hash = "sha256:757c41210f3ab6173e5c508c79c7833e33cf90a068d098b1e13d277432120b81"},
]

[package.dependencies]
numpy = ">=1.14"

[[package]]
name = "nptyping"
version = "2.0.1"
description = "Type hints for NumPy."
optional = false
python-versions = ">=3.7"
files = [
    {file = "nptyping-2.0.1-py3-none-any.whl", hash = "sha256:0fc5c4d76c65e12a77e750b9e2701dab6468d00926c8c4f383867bd70598a532"},
]

[package.dependencies]
numpy = ">=1.20.0"
typing-extensions = {version = "*", markers = "python_version < \"3.10\""}

[package.extras]
build = ["codecov (>=2.1.0)", "invoke (>=1.6.0)", "pip-tools (>=6.5.0)"]
dev = ["autoflake", "beartype (<0.10.0)", "beartype (>=0.10.0)", "black", "codecov (>=2.1.0)", "coverage", "invoke (>=1.6.0)", "isort", "mypy", "pip-tools (>=6.5.0)", "pylint", "setuptools", "typeguard", "wheel"]
qa = ["autoflake", "beartype (<0.10.0)", "beartype (>=0.10.0)", "black", "coverage", "isort", "mypy", "pylint", "setuptools", "typeguard", "wheel"]

[[package]]
name = "numpy"
version = "1.22.4"
description = "NumPy is the fundamental package for array computing with Python."
optional = false
python-versions = ">=3.8"
files = [
    {file = "numpy-1.22.4-cp310-cp310-macosx_10_14_x86_64.whl", hash = "sha256:ba9ead61dfb5d971d77b6c131a9dbee62294a932bf6a356e48c75ae684e635b3"},
    {file = "numpy-1.22.4-cp310-cp310-macosx_10_15_x86_64.whl", hash = "sha256:1ce7ab2053e36c0a71e7a13a7475bd3b1f54750b4b433adc96313e127b870887"},
    {file = "numpy-1.22.4-cp310-cp310-macosx_11_0_arm64.whl", hash = "sha256:7228ad13744f63575b3a972d7ee4fd61815b2879998e70930d4ccf9ec721dce0"},
    {file = "numpy-1.22.4-cp310-cp310-manylinux_2_17_aarch64.manylinux2014_aarch64.whl", hash = "sha256:43a8ca7391b626b4c4fe20aefe79fec683279e31e7c79716863b4b25021e0e74"},
    {file = "numpy-1.22.4-cp310-cp310-manylinux_2_17_x86_64.manylinux2014_x86_64.whl", hash = "sha256:a911e317e8c826ea632205e63ed8507e0dc877dcdc49744584dfc363df9ca08c"},
    {file = "numpy-1.22.4-cp310-cp310-win32.whl", hash = "sha256:9ce7df0abeabe7fbd8ccbf343dc0db72f68549856b863ae3dd580255d009648e"},
    {file = "numpy-1.22.4-cp310-cp310-win_amd64.whl", hash = "sha256:3e1ffa4748168e1cc8d3cde93f006fe92b5421396221a02f2274aab6ac83b077"},
    {file = "numpy-1.22.4-cp38-cp38-macosx_10_15_x86_64.whl", hash = "sha256:59d55e634968b8f77d3fd674a3cf0b96e85147cd6556ec64ade018f27e9479e1"},
    {file = "numpy-1.22.4-cp38-cp38-macosx_11_0_arm64.whl", hash = "sha256:c1d937820db6e43bec43e8d016b9b3165dcb42892ea9f106c70fb13d430ffe72"},
    {file = "numpy-1.22.4-cp38-cp38-manylinux_2_17_aarch64.manylinux2014_aarch64.whl", hash = "sha256:d4c5d5eb2ec8da0b4f50c9a843393971f31f1d60be87e0fb0917a49133d257d6"},
    {file = "numpy-1.22.4-cp38-cp38-manylinux_2_17_x86_64.manylinux2014_x86_64.whl", hash = "sha256:64f56fc53a2d18b1924abd15745e30d82a5782b2cab3429aceecc6875bd5add0"},
    {file = "numpy-1.22.4-cp38-cp38-win32.whl", hash = "sha256:fb7a980c81dd932381f8228a426df8aeb70d59bbcda2af075b627bbc50207cba"},
    {file = "numpy-1.22.4-cp38-cp38-win_amd64.whl", hash = "sha256:e96d7f3096a36c8754207ab89d4b3282ba7b49ea140e4973591852c77d09eb76"},
    {file = "numpy-1.22.4-cp39-cp39-macosx_10_14_x86_64.whl", hash = "sha256:4c6036521f11a731ce0648f10c18ae66d7143865f19f7299943c985cdc95afb5"},
    {file = "numpy-1.22.4-cp39-cp39-macosx_10_15_x86_64.whl", hash = "sha256:b89bf9b94b3d624e7bb480344e91f68c1c6c75f026ed6755955117de00917a7c"},
    {file = "numpy-1.22.4-cp39-cp39-macosx_11_0_arm64.whl", hash = "sha256:2d487e06ecbf1dc2f18e7efce82ded4f705f4bd0cd02677ffccfb39e5c284c7e"},
    {file = "numpy-1.22.4-cp39-cp39-manylinux_2_17_aarch64.manylinux2014_aarch64.whl", hash = "sha256:f3eb268dbd5cfaffd9448113539e44e2dd1c5ca9ce25576f7c04a5453edc26fa"},
    {file = "numpy-1.22.4-cp39-cp39-manylinux_2_17_x86_64.manylinux2014_x86_64.whl", hash = "sha256:37431a77ceb9307c28382c9773da9f306435135fae6b80b62a11c53cfedd8802"},
    {file = "numpy-1.22.4-cp39-cp39-win32.whl", hash = "sha256:cc7f00008eb7d3f2489fca6f334ec19ca63e31371be28fd5dad955b16ec285bd"},
    {file = "numpy-1.22.4-cp39-cp39-win_amd64.whl", hash = "sha256:f0725df166cf4785c0bc4cbfb320203182b1ecd30fee6e541c8752a92df6aa32"},
    {file = "numpy-1.22.4-pp38-pypy38_pp73-manylinux_2_17_x86_64.manylinux2014_x86_64.whl", hash = "sha256:0791fbd1e43bf74b3502133207e378901272f3c156c4df4954cad833b1380207"},
    {file = "numpy-1.22.4.zip", hash = "sha256:425b390e4619f58d8526b3dcf656dde069133ae5c240229821f01b5f44ea07af"},
]

[[package]]
name = "packaging"
version = "24.1"
description = "Core utilities for Python packages"
optional = false
python-versions = ">=3.8"
files = [
    {file = "packaging-24.1-py3-none-any.whl", hash = "sha256:5b8f2217dbdbd2f7f384c41c628544e6d52f2d0f53c6d0c3ea61aa5d1d7ff124"},
    {file = "packaging-24.1.tar.gz", hash = "sha256:026ed72c8ed3fcce5bf8950572258698927fd1dbda10a5e981cdf0ac37f4f002"},
]

[[package]]
name = "path"
version = "16.14.0"
description = "A module wrapper for os.path"
optional = false
python-versions = ">=3.8"
files = [
    {file = "path-16.14.0-py3-none-any.whl", hash = "sha256:8ee37703cbdc7cc83835ed4ecc6b638226fb2b43b7b45f26b620589981a109a5"},
    {file = "path-16.14.0.tar.gz", hash = "sha256:dbaaa7efd4602fd6ba8d82890dc7823d69e5de740a6e842d9919b0faaf2b6a8e"},
]

[package.extras]
docs = ["furo", "jaraco.packaging (>=9.3)", "jaraco.tidelift (>=1.4)", "rst.linker (>=1.9)", "sphinx (>=3.5)", "sphinx-lint"]
testing = ["appdirs", "more-itertools", "packaging", "pygments", "pytest (>=6,!=8.1.1)", "pytest-checkdocs (>=2.4)", "pytest-cov", "pytest-enabler (>=2.2)", "pytest-mypy", "pytest-ruff (>=0.2.1)", "pywin32"]

[[package]]
name = "pathspec"
version = "0.12.1"
description = "Utility library for gitignore style pattern matching of file paths."
optional = false
python-versions = ">=3.8"
files = [
    {file = "pathspec-0.12.1-py3-none-any.whl", hash = "sha256:a0d503e138a4c123b27490a4f7beda6a01c6f288df0e4a8b79c7eb0dc7b4cc08"},
    {file = "pathspec-0.12.1.tar.gz", hash = "sha256:a482d51503a1ab33b1c67a6c3813a26953dbdc71c31dacaef9a838c4e29f5712"},
]

[[package]]
name = "platformdirs"
version = "4.2.2"
description = "A small Python package for determining appropriate platform-specific dirs, e.g. a `user data dir`."
optional = false
python-versions = ">=3.8"
files = [
    {file = "platformdirs-4.2.2-py3-none-any.whl", hash = "sha256:2d7a1657e36a80ea911db832a8a6ece5ee53d8de21edd5cc5879af6530b1bfee"},
    {file = "platformdirs-4.2.2.tar.gz", hash = "sha256:38b7b51f512eed9e84a22788b4bce1de17c0adb134d6becb09836e37d8654cd3"},
]

[package.extras]
docs = ["furo (>=2023.9.10)", "proselint (>=0.13)", "sphinx (>=7.2.6)", "sphinx-autodoc-typehints (>=1.25.2)"]
test = ["appdirs (==1.4.4)", "covdefaults (>=2.3)", "pytest (>=7.4.3)", "pytest-cov (>=4.1)", "pytest-mock (>=3.12)"]
type = ["mypy (>=1.8)"]

[[package]]
name = "pluggy"
version = "1.5.0"
description = "plugin and hook calling mechanisms for python"
optional = false
python-versions = ">=3.8"
files = [
    {file = "pluggy-1.5.0-py3-none-any.whl", hash = "sha256:44e1ad92c8ca002de6377e165f3e0f1be63266ab4d554740532335b9d75ea669"},
    {file = "pluggy-1.5.0.tar.gz", hash = "sha256:2cffa88e94fdc978c4c574f15f9e59b7f4201d439195c3715ca9e2486f1d0cf1"},
]

[package.extras]
dev = ["pre-commit", "tox"]
testing = ["pytest", "pytest-benchmark"]

[[package]]
name = "py"
version = "1.11.0"
description = "library with cross-python path, ini-parsing, io, code, log facilities"
optional = false
python-versions = ">=2.7, !=3.0.*, !=3.1.*, !=3.2.*, !=3.3.*, !=3.4.*"
files = [
    {file = "py-1.11.0-py2.py3-none-any.whl", hash = "sha256:607c53218732647dff4acdfcd50cb62615cedf612e72d1724fb1a0cc6405b378"},
    {file = "py-1.11.0.tar.gz", hash = "sha256:51c75c4126074b472f746a24399ad32f6053d1b34b68d2fa41e558e6f4a98719"},
]

[[package]]
name = "pyparsing"
version = "3.1.2"
description = "pyparsing module - Classes and methods to define and execute parsing grammars"
optional = false
python-versions = ">=3.6.8"
files = [
    {file = "pyparsing-3.1.2-py3-none-any.whl", hash = "sha256:f9db75911801ed778fe61bb643079ff86601aca99fcae6345aa67292038fb742"},
    {file = "pyparsing-3.1.2.tar.gz", hash = "sha256:a1bac0ce561155ecc3ed78ca94d3c9378656ad4c94c1270de543f621420f94ad"},
]

[package.extras]
diagrams = ["jinja2", "railroad-diagrams"]

[[package]]
name = "pytest"
version = "6.2.5"
description = "pytest: simple powerful testing with Python"
optional = false
python-versions = ">=3.6"
files = [
    {file = "pytest-6.2.5-py3-none-any.whl", hash = "sha256:7310f8d27bc79ced999e760ca304d69f6ba6c6649c0b60fb0e04a4a77cacc134"},
    {file = "pytest-6.2.5.tar.gz", hash = "sha256:131b36680866a76e6781d13f101efb86cf674ebb9762eb70d3082b6f29889e89"},
]

[package.dependencies]
atomicwrites = {version = ">=1.0", markers = "sys_platform == \"win32\""}
attrs = ">=19.2.0"
colorama = {version = "*", markers = "sys_platform == \"win32\""}
iniconfig = "*"
packaging = "*"
pluggy = ">=0.12,<2.0"
py = ">=1.8.2"
toml = "*"

[package.extras]
testing = ["argcomplete", "hypothesis (>=3.56)", "mock", "nose", "requests", "xmlschema"]

[[package]]
name = "toml"
version = "0.10.2"
description = "Python Library for Tom's Obvious, Minimal Language"
optional = false
python-versions = ">=2.6, !=3.0.*, !=3.1.*, !=3.2.*"
files = [
    {file = "toml-0.10.2-py2.py3-none-any.whl", hash = "sha256:806143ae5bfb6a3c6e736a764057db0e6a0e05e338b5630894a5f779cabb4f9b"},
    {file = "toml-0.10.2.tar.gz", hash = "sha256:b3bda1d108d5dd99f4a20d24d9c348e91c4db7ab1b749200bded2f839ccbe68f"},
]

[[package]]
name = "tomli"
version = "1.2.3"
description = "A lil' TOML parser"
optional = false
python-versions = ">=3.6"
files = [
    {file = "tomli-1.2.3-py3-none-any.whl", hash = "sha256:e3069e4be3ead9668e21cb9b074cd948f7b3113fd9c8bba083f48247aab8b11c"},
    {file = "tomli-1.2.3.tar.gz", hash = "sha256:05b6166bff487dc068d322585c7ea4ef78deed501cc124060e0f238e89a9231f"},
]

[[package]]
name = "typing-extensions"
version = "4.12.2"
description = "Backported and Experimental Type Hints for Python 3.8+"
optional = false
python-versions = ">=3.8"
files = [
    {file = "typing_extensions-4.12.2-py3-none-any.whl", hash = "sha256:04e5ca0351e0f3f85c6853954072df659d0d13fac324d0072316b67d7794700d"},
    {file = "typing_extensions-4.12.2.tar.gz", hash = "sha256:1a7ead55c7e559dd4dee8856e3a88b41225abfe1ce8df57b7c13915fe121ffb8"},
]

[[package]]
name = "typish"
version = "1.9.3"
description = "Functionality for types"
optional = false
python-versions = "*"
files = [
    {file = "typish-1.9.3-py3-none-any.whl", hash = "sha256:03cfee5e6eb856dbf90244e18f4e4c41044c8790d5779f4e775f63f982e2f896"},
]

[package.extras]
test = ["codecov", "coverage", "mypy", "nptyping (>=1.3.0)", "numpy", "pycodestyle", "pylint", "pytest"]

[metadata]
lock-version = "2.0"
python-versions = "^3.9"
content-hash = "5ea480e1b78e6d798443e315357b4dfc77d8672f0e63755f96adff6a49a5e4af"
